
Microsoft Visual Studio Solution File, Format Version 12.00
# Visual Studio Version 17
VisualStudioVersion = 17.14.36301.6 d17.14
MinimumVisualStudioVersion = 10.0.40219.1
Project("{FAE04EC0-301F-11D3-BF4B-00C04F79EFBC}") = "TestWordMerge", "TestWordMerge\TestWordMerge.csproj", "{49A3D7AA-AB70-420E-8128-3E86D1F9BE40}"
EndProject
Global
	GlobalSection(SolutionConfigurationPlatforms) = preSolution
		Debug|Any CPU = Debug|Any CPU
		Release|Any CPU = Release|Any CPU
	EndGlobalSection
	GlobalSection(ProjectConfigurationPlatforms) = postSolution
		{49A3D7AA-AB70-420E-8128-3E86D1F9BE40}.Debug|Any CPU.ActiveCfg = Debug|Any CPU
		{49A3D7AA-AB70-420E-8128-3E86D1F9BE40}.Debug|Any CPU.Build.0 = Debug|Any CPU
		{49A3D7AA-AB70-420E-8128-3E86D1F9BE40}.Release|Any CPU.ActiveCfg = Release|Any CPU
		{49A3D7AA-AB70-420E-8128-3E86D1F9BE40}.Release|Any CPU.Build.0 = Release|Any CPU
	EndGlobalSection
	GlobalSection(SolutionProperties) = preSolution
		HideSolutionNode = FALSE
	EndGlobalSection
	GlobalSection(ExtensibilityGlobals) = postSolution
		SolutionGuid = {ECDB908D-4B59-49BF-B414-D5DC4CBEE469}
	EndGlobalSection
EndGlobal
